
Microsoft Visual Studio Solution File, Format Version 12.00
# Visual Studio Version 17
VisualStudioVersion = 17.10.35122.118
MinimumVisualStudioVersion = 10.0.40219.1
Project("{FAE04EC0-301F-11D3-BF4B-00C04F79EFBC}") = "catchtoapp-nuget", "catchtoapp-nuget\catchtoapp-nuget.csproj", "{66E8BC4E-EBE2-45F0-AA84-F24BDDF92572}"
EndProject
Project("{FAE04EC0-301F-11D3-BF4B-00C04F79EFBC}") = "catchtoapp-nuget-test", "catchtoapp-nuget-test\catchtoapp-nuget-test.csproj", "{365CA550-898F-488C-A280-1B953600CD53}"
EndProject
Global
	GlobalSection(SolutionConfigurationPlatforms) = preSolution
		Debug|Any CPU = Debug|Any CPU
		Release|Any CPU = Release|Any CPU
	EndGlobalSection
	GlobalSection(ProjectConfigurationPlatforms) = postSolution
		{66E8BC4E-EBE2-45F0-AA84-F24BDDF92572}.Debug|Any CPU.ActiveCfg = Debug|Any CPU
		{66E8BC4E-EBE2-45F0-AA84-F24BDDF92572}.Debug|Any CPU.Build.0 = Debug|Any CPU
		{66E8BC4E-EBE2-45F0-AA84-F24BDDF92572}.Release|Any CPU.ActiveCfg = Release|Any CPU
		{66E8BC4E-EBE2-45F0-AA84-F24BDDF92572}.Release|Any CPU.Build.0 = Release|Any CPU
		{365CA550-898F-488C-A280-1B953600CD53}.Debug|Any CPU.ActiveCfg = Debug|Any CPU
		{365CA550-898F-488C-A280-1B953600CD53}.Debug|Any CPU.Build.0 = Debug|Any CPU
		{365CA550-898F-488C-A280-1B953600CD53}.Release|Any CPU.ActiveCfg = Release|Any CPU
		{365CA550-898F-488C-A280-1B953600CD53}.Release|Any CPU.Build.0 = Release|Any CPU
	EndGlobalSection
	GlobalSection(SolutionProperties) = preSolution
		HideSolutionNode = FALSE
	EndGlobalSection
	GlobalSection(ExtensibilityGlobals) = postSolution
		SolutionGuid = {6A9EFB9B-853A-4945-875F-41E15D56D46D}
	EndGlobalSection
EndGlobal
